// !$*UTF8*$!
{
	archiveVersion = 1;
	classes = {
	};
	objectVersion = 56;
	objects = {

/* Begin PBXBuildFile section */
		6495906F2FB10564001E5EA0 /* To_Do_AppApp.swift in Sources */ = {isa = PBXBuildFile; fileRef = 6495906E2FB10564001E5EA0 /* To_Do_AppApp.swift */; };
		649590712FB10564001E5EA0 /* ContentView.swift in Sources */ = {isa = PBXBuildFile; fileRef = 649590702FB10564001E5EA0 /* ContentView.swift */; };
		649590732FB10566001E5EA0 /* Assets.xcassets in Resources */ = {isa = PBXBuildFile; fileRef = 649590722FB10566001E5EA0 /* Assets.xcassets */; };
		649590772FB10566001E5EA0 /* Preview Assets.xcassets in Resources */ = {isa = PBXBuildFile; fileRef = 649590762FB10566001E5EA0 /* Preview Assets.xcassets */; };
		649590812FB10567001E5EA0 /* To_Do_AppTests.swift in Sources */ = {isa = PBXBuildFile; fileRef = 649590802FB10567001E5EA0 /* To_Do_AppTests.swift */; };
		6495908B2FB10567001E5EA0 /* To_Do_AppUITests.swift in Sources */ = {isa = PBXBuildFile; fileRef = 6495908A2FB10567001E5EA0 /* To_Do_AppUITests.swift */; };
		6495908D2FB10567001E5EA0 /* To_Do_AppUITestsLaunchTests.swift in Sources */ = {isa = PBXBuildFile; fileRef = 6495908C2FB10567001E5EA0 /* To_Do_AppUITestsLaunchTests.swift */; };
/* End PBXBuildFile section */

/* Begin PBXContainerItemProxy section */
		6495907D2FB10567001E5EA0 /* PBXContainerItemProxy */ = {
			isa = PBXContainerItemProxy;
			containerPortal = 649590632FB10564001E5EA0 /* Project object */;
			proxyType = 1;
			remoteGlobalIDString = 6495906A2FB10564001E5EA0;
			remoteInfo = "To Do App";
		};
		649590872FB10567001E5EA0 /* PBXContainerItemProxy */ = {
			isa = PBXContainerItemProxy;
			containerPortal = 649590632FB10564001E5EA0 /* Project object */;
			proxyType = 1;
			remoteGlobalIDString = 6495906A2FB10564001E5EA0;
			remoteInfo = "To Do App";
		};
/* End PBXContainerItemProxy section */

/* Begin PBXFileReference section */
		6495906B2FB10564001E5EA0 /* To Do App.app */ = {isa = PBXFileReference; explicitFileType = wrapper.application; includeInIndex = 0; path = "To Do App.app"; sourceTree = BUILT_PRODUCTS_DIR; };
		6495906E2FB10564001E5EA0 /* To_Do_AppApp.swift */ = {isa = PBXFileReference; lastKnownFileType = sourcecode.swift; path = To_Do_AppApp.swift; sourceTree = "<group>"; };
		649590702FB10564001E5EA0 /* ContentView.swift */ = {isa = PBXFileReference; lastKnownFileType = sourcecode.swift; path = ContentView.swift; sourceTree = "<group>"; };
		649590722FB10566001E5EA0 /* Assets.xcassets */ = {isa = PBXFileReference; lastKnownFileType = folder.assetcatalog; path = Assets.xcassets; sourceTree = "<group>"; };
		649590742FB10566001E5EA0 /* To_Do_App.entitlements */ = {isa = PBXFileReference; lastKnownFileType = text.plist.entitlements; path = To_Do_App.entitlements; sourceTree = "<group>"; };
		649590762FB10566001E5EA0 /* Preview Assets.xcassets */ = {isa = PBXFileReference; lastKnownFileType = folder.assetcatalog; path = "Preview Assets.xcassets"; sourceTree = "<group>"; };
		6495907C2FB10567001E5EA0 /* To Do AppTests.xctest */ = {isa = PBXFileReference; explicitFileType = wrapper.cfbundle; includeInIndex = 0; path = "To Do AppTests.xctest"; sourceTree = BUILT_PRODUCTS_DIR; };
		649590802FB10567001E5EA0 /* To_Do_AppTests.swift */ = {isa = PBXFileReference; lastKnownFileType = sourcecode.swift; path = To_Do_AppTests.swift; sourceTree = "<group>"; };
		649590862FB10567001E5EA0 /* To Do AppUITests.xctest */ = {isa = PBXFileReference; explicitFileType = wrapper.cfbundle; includeInIndex = 0; path = "To Do AppUITests.xctest"; sourceTree = BUILT_PRODUCTS_DIR; };
		6495908A2FB10567001E5EA0 /* To_Do_AppUITests.swift */ = {isa = PBXFileReference; lastKnownFileType = sourcecode.swift; path = To_Do_AppUITests.swift; sourceTree = "<group>"; };
		6495908C2FB10567001E5EA0 /* To_Do_AppUITestsLaunchTests.swift */ = {isa = PBXFileReference; lastKnownFileType = sourcecode.swift; path = To_Do_AppUITestsLaunchTests.swift; sourceTree = "<group>"; };
/* End PBXFileReference section */

/* Begin PBXFrameworksBuildPhase section */
		649590682FB10564001E5EA0 /* Frameworks */ = {
			isa = PBXFrameworksBuildPhase;
			buildActionMask = 2147483647;
			files = (
			);
			runOnlyForDeploymentPostprocessing = 0;
		};
		649590792FB10567001E5EA0 /* Frameworks */ = {
			isa = PBXFrameworksBuildPhase;
			buildActionMask = 2147483647;
			files = (
			);
			runOnlyForDeploymentPostprocessing = 0;
		};
		649590832FB10567001E5EA0 /* Frameworks */ = {
			isa = PBXFrameworksBuildPhase;
			buildActionMask = 2147483647;
			files = (
			);
			runOnlyForDeploymentPostprocessing = 0;
		};
/* End PBXFrameworksBuildPhase section */

/* Begin PBXGroup section */
		649590622FB10564001E5EA0 = {
			isa = PBXGroup;
			children = (
				6495906D2FB10564001E5EA0 /* To Do App */,
				6495907F2FB10567001E5EA0 /* To Do AppTests */,
				649590892FB10567001E5EA0 /* To Do AppUITests */,
				6495906C2FB10564001E5EA0 /* Products */,
			);
			sourceTree = "<group>";
		};
		6495906C2FB10564001E5EA0 /* Products */ = {
			isa = PBXGroup;
			children = (
				6495906B2FB10564001E5EA0 /* To Do App.app */,
				6495907C2FB10567001E5EA0 /* To Do AppTests.xctest */,
				649590862FB10567001E5EA0 /* To Do AppUITests.xctest */,
			);
			name = Products;
			sourceTree = "<group>";
		};
		6495906D2FB10564001E5EA0 /* To Do App */ = {
			isa = PBXGroup;
			children = (
				6495906E2FB10564001E5EA0 /* To_Do_AppApp.swift */,
				649590702FB10564001E5EA0 /* ContentView.swift */,
				649590722FB10566001E5EA0 /* Assets.xcassets */,
				649590742FB10566001E5EA0 /* To_Do_App.entitlements */,
				649590752FB10566001E5EA0 /* Preview Content */,
			);
			path = "To Do App";
			sourceTree = "<group>";
		};
		649590752FB10566001E5EA0 /* Preview Content */ = {
			isa = PBXGroup;
			children = (
				649590762FB10566001E5EA0 /* Preview Assets.xcassets */,
			);
			path = "Preview Content";
			sourceTree = "<group>";
		};
		6495907F2FB10567001E5EA0 /* To Do AppTests */ = {
			isa = PBXGroup;
			children = (
				649590802FB10567001E5EA0 /* To_Do_AppTests.swift */,
			);
			path = "To Do AppTests";
			sourceTree = "<group>";
		};
		649590892FB10567001E5EA0 /* To Do AppUITests */ = {
			isa = PBXGroup;
			children = (
				6495908A2FB10567001E5EA0 /* To_Do_AppUITests.swift */,
				6495908C2FB10567001E5EA0 /* To_Do_AppUITestsLaunchTests.swift */,
			);
			path = "To Do AppUITests";
			sourceTree = "<group>";
		};
/* End PBXGroup section */

/* Begin PBXNativeTarget section */
		6495906A2FB10564001E5EA0 /* To Do App */ = {
			isa = PBXNativeTarget;
			buildConfigurationList = 649590902FB10567001E5EA0 /* Build configuration list for PBXNativeTarget "To Do App" */;
			buildPhases = (
				649590672FB10564001E5EA0 /* Sources */,
				649590682FB10564001E5EA0 /* Frameworks */,
				649590692FB10564001E5EA0 /* Resources */,
			);
			buildRules = (
			);
			dependencies = (
			);
			name = "To Do App";
			productName = "To Do App";
			productReference = 6495906B2FB10564001E5EA0 /* To Do App.app */;
			productType = "com.apple.product-type.application";
		};
		6495907B2FB10567001E5EA0 /* To Do AppTests */ = {
			isa = PBXNativeTarget;
			buildConfigurationList = 649590932FB10567001E5EA0 /* Build configuration list for PBXNativeTarget "To Do AppTests" */;
			buildPhases = (
				649590782FB10567001E5EA0 /* Sources */,
				649590792FB10567001E5EA0 /* Frameworks */,
				6495907A2FB10567001E5EA0 /* Resources */,
			);
			buildRules = (
			);
			dependencies = (
				6495907E2FB10567001E5EA0 /* PBXTargetDependency */,
			);
			name = "To Do AppTests";
			productName = "To Do AppTests";
			productReference = 6495907C2FB10567001E5EA0 /* To Do AppTests.xctest */;
			productType = "com.apple.product-type.bundle.unit-test";
		};
		649590852FB10567001E5EA0 /* To Do AppUITests */ = {
			isa = PBXNativeTarget;
			buildConfigurationList = 649590962FB10567001E5EA0 /* Build configuration list for PBXNativeTarget "To Do AppUITests" */;
			buildPhases = (
				649590822FB10567001E5EA0 /* Sources */,
				649590832FB10567001E5EA0 /* Frameworks */,
				649590842FB10567001E5EA0 /* Resources */,
			);
			buildRules = (
			);
			dependencies = (
				649590882FB10567001E5EA0 /* PBXTargetDependency */,
			);
			name = "To Do AppUITests";
			productName = "To Do AppUITests";
			productReference = 649590862FB10567001E5EA0 /* To Do AppUITests.xctest */;
			productType = "com.apple.product-type.bundle.ui-testing";
		};
/* End PBXNativeTarget section */

/* Begin PBXProject section */
		649590632FB10564001E5EA0 /* Project object */ = {
			isa = PBXProject;
			attributes = {
				BuildIndependentTargetsInParallel = 1;
				LastSwiftUpdateCheck = 1420;
				LastUpgradeCheck = 1420;
				TargetAttributes = {
					6495906A2FB10564001E5EA0 = {
						CreatedOnToolsVersion = 14.2;
					};
					6495907B2FB10567001E5EA0 = {
						CreatedOnToolsVersion = 14.2;
						TestTargetID = 6495906A2FB10564001E5EA0;
					};
					649590852FB10567001E5EA0 = {
						CreatedOnToolsVersion = 14.2;
						TestTargetID = 6495906A2FB10564001E5EA0;
					};
				};
			};
			buildConfigurationList = 649590662FB10564001E5EA0 /* Build configuration list for PBXProject "To Do App" */;
			compatibilityVersion = "Xcode 14.0";
			developmentRegion = en;
			hasScannedForEncodings = 0;
			knownRegions = (
				en,
				Base,
			);
			mainGroup = 649590622FB10564001E5EA0;
			productRefGroup = 6495906C2FB10564001E5EA0 /* Products */;
			projectDirPath = "";
			projectRoot = "";
			targets = (
				6495906A2FB10564001E5EA0 /* To Do App */,
				6495907B2FB10567001E5EA0 /* To Do AppTests */,
				649590852FB10567001E5EA0 /* To Do AppUITests */,
			);
		};
/* End PBXProject section */

/* Begin PBXResourcesBuildPhase section */
		649590692FB10564001E5EA0 /* Resources */ = {
			isa = PBXResourcesBuildPhase;
			buildActionMask = 2147483647;
			files = (
				649590772FB10566001E5EA0 /* Preview Assets.xcassets in Resources */,
				649590732FB10566001E5EA0 /* Assets.xcassets in Resources */,
			);
			runOnlyForDeploymentPostprocessing = 0;
		};
		6495907A2FB10567001E5EA0 /* Resources */ = {
			isa = PBXResourcesBuildPhase;
			buildActionMask = 2147483647;
			files = (
			);
			runOnlyForDeploymentPostprocessing = 0;
		};
		649590842FB10567001E5EA0 /* Resources */ = {
			isa = PBXResourcesBuildPhase;
			buildActionMask = 2147483647;
			files = (
			);
			runOnlyForDeploymentPostprocessing = 0;
		};
/* End PBXResourcesBuildPhase section */

/* Begin PBXSourcesBuildPhase section */
		649590672FB10564001E5EA0 /* Sources */ = {
			isa = PBXSourcesBuildPhase;
			buildActionMask = 2147483647;
			files = (
				649590712FB10564001E5EA0 /* ContentView.swift in Sources */,
				6495906F2FB10564001E5EA0 /* To_Do_AppApp.swift in Sources */,
			);
			runOnlyForDeploymentPostprocessing = 0;
		};
		649590782FB10567001E5EA0 /* Sources */ = {
			isa = PBXSourcesBuildPhase;
			buildActionMask = 2147483647;
			files = (
				649590812FB10567001E5EA0 /* To_Do_AppTests.swift in Sources */,
			);
			runOnlyForDeploymentPostprocessing = 0;
		};
		649590822FB10567001E5EA0 /* Sources */ = {
			isa = PBXSourcesBuildPhase;
			buildActionMask = 2147483647;
			files = (
				6495908D2FB10567001E5EA0 /* To_Do_AppUITestsLaunchTests.swift in Sources */,
				6495908B2FB10567001E5EA0 /* To_Do_AppUITests.swift in Sources */,
			);
			runOnlyForDeploymentPostprocessing = 0;
		};
/* End PBXSourcesBuildPhase section */

/* Begin PBXTargetDependency section */
		6495907E2FB10567001E5EA0 /* PBXTargetDependency */ = {
			isa = PBXTargetDependency;
			target = 6495906A2FB10564001E5EA0 /* To Do App */;
			targetProxy = 6495907D2FB10567001E5EA0 /* PBXContainerItemProxy */;
		};
		649590882FB10567001E5EA0 /* PBXTargetDependency */ = {
			isa = PBXTargetDependency;
			target = 6495906A2FB10564001E5EA0 /* To Do App */;
			targetProxy = 649590872FB10567001E5EA0 /* PBXContainerItemProxy */;
		};
/* End PBXTargetDependency section */

/* Begin XCBuildConfiguration section */
		6495908E2FB10567001E5EA0 /* Debug */ = {
			isa = XCBuildConfiguration;
			buildSettings = {
				ALWAYS_SEARCH_USER_PATHS = NO;
				CLANG_ANALYZER_NONNULL = YES;
				CLANG_ANALYZER_NUMBER_OBJECT_CONVERSION = YES_AGGRESSIVE;
				CLANG_CXX_LANGUAGE_STANDARD = "gnu++20";
				CLANG_ENABLE_MODULES = YES;
				CLANG_ENABLE_OBJC_ARC = YES;
				CLANG_ENABLE_OBJC_WEAK = YES;
				CLANG_WARN_BLOCK_CAPTURE_AUTORELEASING = YES;
				CLANG_WARN_BOOL_CONVERSION = YES;
				CLANG_WARN_COMMA = YES;
				CLANG_WARN_CONSTANT_CONVERSION = YES;
				CLANG_WARN_DEPRECATED_OBJC_IMPLEMENTATIONS = YES;
				CLANG_WARN_DIRECT_OBJC_ISA_USAGE = YES_ERROR;
				CLANG_WARN_DOCUMENTATION_COMMENTS = YES;
				CLANG_WARN_EMPTY_BODY = YES;
				CLANG_WARN_ENUM_CONVERSION = YES;
				CLANG_WARN_INFINITE_RECURSION = YES;
				CLANG_WARN_INT_CONVERSION = YES;
				CLANG_WARN_NON_LITERAL_NULL_CONVERSION = YES;
				CLANG_WARN_OBJC_IMPLICIT_RETAIN_SELF = YES;
				CLANG_WARN_OBJC_LITERAL_CONVERSION = YES;
				CLANG_WARN_OBJC_ROOT_CLASS = YES_ERROR;
				CLANG_WARN_QUOTED_INCLUDE_IN_FRAMEWORK_HEADER = YES;
				CLANG_WARN_RANGE_LOOP_ANALYSIS = YES;
				CLANG_WARN_STRICT_PROTOTYPES = YES;
				CLANG_WARN_SUSPICIOUS_MOVE = YES;
				CLANG_WARN_UNGUARDED_AVAILABILITY = YES_AGGRESSIVE;
				CLANG_WARN_UNREACHABLE_CODE = YES;
				CLANG_WARN__DUPLICATE_METHOD_MATCH = YES;
				COPY_PHASE_STRIP = NO;
				DEBUG_INFORMATION_FORMAT = dwarf;
				ENABLE_STRICT_OBJC_MSGSEND = YES;
				ENABLE_TESTABILITY = YES;
				GCC_C_LANGUAGE_STANDARD = gnu11;
				GCC_DYNAMIC_NO_PIC = NO;
				GCC_NO_COMMON_BLOCKS = YES;
				GCC_OPTIMIZATION_LEVEL = 0;
				GCC_PREPROCESSOR_DEFINITIONS = (
					"DEBUG=1",
					"$(inherited)",
				);
				GCC_WARN_64_TO_32_BIT_CONVERSION = YES;
				GCC_WARN_ABOUT_RETURN_TYPE = YES_ERROR;
				GCC_WARN_UNDECLARED_SELECTOR = YES;
				GCC_WARN_UNINITIALIZED_AUTOS = YES_AGGRESSIVE;
				GCC_WARN_UNUSED_FUNCTION = YES;
				GCC_WARN_UNUSED_VARIABLE = YES;
				MTL_ENABLE_DEBUG_INFO = INCLUDE_SOURCE;
				MTL_FAST_MATH = YES;
				ONLY_ACTIVE_ARCH = YES;
				SWIFT_ACTIVE_COMPILATION_CONDITIONS = DEBUG;
				SWIFT_OPTIMIZATION_LEVEL = "-Onone";
			};
			name = Debug;
		};
		6495908F2FB10567001E5EA0 /* Release */ = {
			isa = XCBuildConfiguration;
			buildSettings = {
				ALWAYS_SEARCH_USER_PATHS = NO;
				CLANG_ANALYZER_NONNULL = YES;
				CLANG_ANALYZER_NUMBER_OBJECT_CONVERSION = YES_AGGRESSIVE;
				CLANG_CXX_LANGUAGE_STANDARD = "gnu++20";
				CLANG_ENABLE_MODULES = YES;
				CLANG_ENABLE_OBJC_ARC = YES;
				CLANG_ENABLE_OBJC_WEAK = YES;
				CLANG_WARN_BLOCK_CAPTURE_AUTORELEASING = YES;
				CLANG_WARN_BOOL_CONVERSION = YES;
				CLANG_WARN_COMMA = YES;
				CLANG_WARN_CONSTANT_CONVERSION = YES;
				CLANG_WARN_DEPRECATED_OBJC_IMPLEMENTATIONS = YES;
				CLANG_WARN_DIRECT_OBJC_ISA_USAGE = YES_ERROR;
				CLANG_WARN_DOCUMENTATION_COMMENTS = YES;
				CLANG_WARN_EMPTY_BODY = YES;
				CLANG_WARN_ENUM_CONVERSION = YES;
				CLANG_WARN_INFINITE_RECURSION = YES;
				CLANG_WARN_INT_CONVERSION = YES;
				CLANG_WARN_NON_LITERAL_NULL_CONVERSION = YES;
				CLANG_WARN_OBJC_IMPLICIT_RETAIN_SELF = YES;
				CLANG_WARN_OBJC_LITERAL_CONVERSION = YES;
				CLANG_WARN_OBJC_ROOT_CLASS = YES_ERROR;
				CLANG_WARN_QUOTED_INCLUDE_IN_FRAMEWORK_HEADER = YES;
				CLANG_WARN_RANGE_LOOP_ANALYSIS = YES;
				CLANG_WARN_STRICT_PROTOTYPES = YES;
				CLANG_WARN_SUSPICIOUS_MOVE = YES;
				CLANG_WARN_UNGUARDED_AVAILABILITY = YES_AGGRESSIVE;
				CLANG_WARN_UNREACHABLE_CODE = YES;
				CLANG_WARN__DUPLICATE_METHOD_MATCH = YES;
				COPY_PHASE_STRIP = NO;
				DEBUG_INFORMATION_FORMAT = "dwarf-with-dsym";
				ENABLE_NS_ASSERTIONS = NO;
				ENABLE_STRICT_OBJC_MSGSEND = YES;
				GCC_C_LANGUAGE_STANDARD = gnu11;
				GCC_NO_COMMON_BLOCKS = YES;
				GCC_WARN_64_TO_32_BIT_CONVERSION = YES;
				GCC_WARN_ABOUT_RETURN_TYPE = YES_ERROR;
				GCC_WARN_UNDECLARED_SELECTOR = YES;
				GCC_WARN_UNINITIALIZED_AUTOS = YES_AGGRESSIVE;
				GCC_WARN_UNUSED_FUNCTION = YES;
				GCC_WARN_UNUSED_VARIABLE = YES;
				MTL_ENABLE_DEBUG_INFO = NO;
				MTL_FAST_MATH = YES;
				SWIFT_COMPILATION_MODE = wholemodule;
				SWIFT_OPTIMIZATION_LEVEL = "-O";
			};
			name = Release;
		};
		649590912FB10567001E5EA0 /* Debug */ = {
			isa = XCBuildConfiguration;
			buildSettings = {
				ASSETCATALOG_COMPILER_APPICON_NAME = AppIcon;
				ASSETCATALOG_COMPILER_GLOBAL_ACCENT_COLOR_NAME = AccentColor;
				CODE_SIGN_ENTITLEMENTS = "To Do App/To_Do_App.entitlements";
				CODE_SIGN_STYLE = Automatic;
				CURRENT_PROJECT_VERSION = 1;
				DEVELOPMENT_ASSET_PATHS = "\"To Do App/Preview Content\"";
				DEVELOPMENT_TEAM = KP47GNSPXB;
				ENABLE_PREVIEWS = YES;
				GENERATE_INFOPLIST_FILE = YES;
				"INFOPLIST_KEY_UIApplicationSceneManifest_Generation[sdk=iphoneos*]" = YES;
				"INFOPLIST_KEY_UIApplicationSceneManifest_Generation[sdk=iphonesimulator*]" = YES;
				"INFOPLIST_KEY_UIApplicationSupportsIndirectInputEvents[sdk=iphoneos*]" = YES;
				"INFOPLIST_KEY_UIApplicationSupportsIndirectInputEvents[sdk=iphonesimulator*]" = YES;
				"INFOPLIST_KEY_UILaunchScreen_Generation[sdk=iphoneos*]" = YES;
				"INFOPLIST_KEY_UILaunchScreen_Generation[sdk=iphonesimulator*]" = YES;
				"INFOPLIST_KEY_UIStatusBarStyle[sdk=iphoneos*]" = UIStatusBarStyleDefault;
				"INFOPLIST_KEY_UIStatusBarStyle[sdk=iphonesimulator*]" = UIStatusBarStyleDefault;
				INFOPLIST_KEY_UISupportedInterfaceOrientations_iPad = "UIInterfaceOrientationPortrait UIInterfaceOrientationPortraitUpsideDown UIInterfaceOrientationLandscapeLeft UIInterfaceOrientationLandscapeRight";
				INFOPLIST_KEY_UISupportedInterfaceOrientations_iPhone = "UIInterfaceOrientationPortrait UIInterfaceOrientationLandscapeLeft UIInterfaceOrientationLandscapeRight";
				IPHONEOS_DEPLOYMENT_TARGET = 16.2;
				LD_RUNPATH_SEARCH_PATHS = "@executable_path/Frameworks";
				"LD_RUNPATH_SEARCH_PATHS[sdk=macosx*]" = "@executable_path/../Frameworks";
				MACOSX_DEPLOYMENT_TARGET = 12.7;
				MARKETING_VERSION = 1.0;
				PRODUCT_BUNDLE_IDENTIFIER = com.jesus.todoapp123;
				PRODUCT_NAME = "$(TARGET_NAME)";
				SDKROOT = auto;
				SUPPORTED_PLATFORMS = "iphoneos iphonesimulator macosx";
				SWIFT_EMIT_LOC_STRINGS = YES;
				SWIFT_VERSION = 5.0;
				TARGETED_DEVICE_FAMILY = "1,2";
			};
			name = Debug;
		};
		649590922FB10567001E5EA0 /* Release */ = {
			isa = XCBuildConfiguration;
			buildSettings = {
				ASSETCATALOG_COMPILER_APPICON_NAME = AppIcon;
				ASSETCATALOG_COMPILER_GLOBAL_ACCENT_COLOR_NAME = AccentColor;
				CODE_SIGN_ENTITLEMENTS = "To Do App/To_Do_App.entitlements";
				CODE_SIGN_STYLE = Automatic;
				CURRENT_PROJECT_VERSION = 1;
				DEVELOPMENT_ASSET_PATHS = "\"To Do App/Preview Content\"";
				DEVELOPMENT_TEAM = KP47GNSPXB;
				ENABLE_PREVIEWS = YES;
				GENERATE_INFOPLIST_FILE = YES;
				"INFOPLIST_KEY_UIApplicationSceneManifest_Generation[sdk=iphoneos*]" = YES;
				"INFOPLIST_KEY_UIApplicationSceneManifest_Generation[sdk=iphonesimulator*]" = YES;
				"INFOPLIST_KEY_UIApplicationSupportsIndirectInputEvents[sdk=iphoneos*]" = YES;
				"INFOPLIST_KEY_UIApplicationSupportsIndirectInputEvents[sdk=iphonesimulator*]" = YES;
				"INFOPLIST_KEY_UILaunchScreen_Generation[sdk=iphoneos*]" = YES;
				"INFOPLIST_KEY_UILaunchScreen_Generation[sdk=iphonesimulator*]" = YES;
				"INFOPLIST_KEY_UIStatusBarStyle[sdk=iphoneos*]" = UIStatusBarStyleDefault;
				"INFOPLIST_KEY_UIStatusBarStyle[sdk=iphonesimulator*]" = UIStatusBarStyleDefault;
				INFOPLIST_KEY_UISupportedInterfaceOrientations_iPad = "UIInterfaceOrientationPortrait UIInterfaceOrientationPortraitUpsideDown UIInterfaceOrientationLandscapeLeft UIInterfaceOrientationLandscapeRight";
				INFOPLIST_KEY_UISupportedInterfaceOrientations_iPhone = "UIInterfaceOrientationPortrait UIInterfaceOrientationLandscapeLeft UIInterfaceOrientationLandscapeRight";
				IPHONEOS_DEPLOYMENT_TARGET = 16.2;
				LD_RUNPATH_SEARCH_PATHS = "@executable_path/Frameworks";
				"LD_RUNPATH_SEARCH_PATHS[sdk=macosx*]" = "@executable_path/../Frameworks";
				MACOSX_DEPLOYMENT_TARGET = 12.7;
				MARKETING_VERSION = 1.0;
				PRODUCT_BUNDLE_IDENTIFIER = com.jesus.todoapp123;
				PRODUCT_NAME = "$(TARGET_NAME)";
				SDKROOT = auto;
				SUPPORTED_PLATFORMS = "iphoneos iphonesimulator macosx";
				SWIFT_EMIT_LOC_STRINGS = YES;
				SWIFT_VERSION = 5.0;
				TARGETED_DEVICE_FAMILY = "1,2";
			};
			name = Release;
		};
		649590942FB10567001E5EA0 /* Debug */ = {
			isa = XCBuildConfiguration;
			buildSettings = {
				ALWAYS_EMBED_SWIFT_STANDARD_LIBRARIES = YES;
				BUNDLE_LOADER = "$(TEST_HOST)";
				CODE_SIGN_STYLE = Automatic;
				CURRENT_PROJECT_VERSION = 1;
				GENERATE_INFOPLIST_FILE = YES;
				IPHONEOS_DEPLOYMENT_TARGET = 16.2;
				MACOSX_DEPLOYMENT_TARGET = 12.7;
				MARKETING_VERSION = 1.0;
				PRODUCT_BUNDLE_IDENTIFIER = "Eduardo-Soto.To-Do-AppTests";
				PRODUCT_NAME = "$(TARGET_NAME)";
				SDKROOT = auto;
				SUPPORTED_PLATFORMS = "iphoneos iphonesimulator macosx";
				SWIFT_EMIT_LOC_STRINGS = NO;
				SWIFT_VERSION = 5.0;
				TARGETED_DEVICE_FAMILY = "1,2";
				TEST_HOST = "$(BUILT_PRODUCTS_DIR)/To Do App.app/$(BUNDLE_EXECUTABLE_FOLDER_PATH)/To Do App";
			};
			name = Debug;
		};
		649590952FB10567001E5EA0 /* Release */ = {
			isa = XCBuildConfiguration;
			buildSettings = {
				ALWAYS_EMBED_SWIFT_STANDARD_LIBRARIES = YES;
				BUNDLE_LOADER = "$(TEST_HOST)";
				CODE_SIGN_STYLE = Automatic;
				CURRENT_PROJECT_VERSION = 1;
				GENERATE_INFOPLIST_FILE = YES;
				IPHONEOS_DEPLOYMENT_TARGET = 16.2;
				MACOSX_DEPLOYMENT_TARGET = 12.7;
				MARKETING_VERSION = 1.0;
				PRODUCT_BUNDLE_IDENTIFIER = "Eduardo-Soto.To-Do-AppTests";
				PRODUCT_NAME = "$(TARGET_NAME)";
				SDKROOT = auto;
				SUPPORTED_PLATFORMS = "iphoneos iphonesimulator macosx";
				SWIFT_EMIT_LOC_STRINGS = NO;
				SWIFT_VERSION = 5.0;
				TARGETED_DEVICE_FAMILY = "1,2";
				TEST_HOST = "$(BUILT_PRODUCTS_DIR)/To Do App.app/$(BUNDLE_EXECUTABLE_FOLDER_PATH)/To Do App";
			};
			name = Release;
		};
		649590972FB10567001E5EA0 /* Debug */ = {
			isa = XCBuildConfiguration;
			buildSettings = {
				ALWAYS_EMBED_SWIFT_STANDARD_LIBRARIES = YES;
				CODE_SIGN_STYLE = Automatic;
				CURRENT_PROJECT_VERSION = 1;
				GENERATE_INFOPLIST_FILE = YES;
				IPHONEOS_DEPLOYMENT_TARGET = 16.2;
				MACOSX_DEPLOYMENT_TARGET = 12.7;
				MARKETING_VERSION = 1.0;
				PRODUCT_BUNDLE_IDENTIFIER = "Eduardo-Soto.To-Do-AppUITests";
				PRODUCT_NAME = "$(TARGET_NAME)";
				SDKROOT = auto;
				SUPPORTED_PLATFORMS = "iphoneos iphonesimulator macosx";
				SWIFT_EMIT_LOC_STRINGS = NO;
				SWIFT_VERSION = 5.0;
				TARGETED_DEVICE_FAMILY = "1,2";
				TEST_TARGET_NAME = "To Do App";
			};
			name = Debug;
		};
		649590982FB10567001E5EA0 /* Release */ = {
			isa = XCBuildConfiguration;
			buildSettings = {
				ALWAYS_EMBED_SWIFT_STANDARD_LIBRARIES = YES;
				CODE_SIGN_STYLE = Automatic;
				CURRENT_PROJECT_VERSION = 1;
				GENERATE_INFOPLIST_FILE = YES;
				IPHONEOS_DEPLOYMENT_TARGET = 16.2;
				MACOSX_DEPLOYMENT_TARGET = 12.7;
				MARKETING_VERSION = 1.0;
				PRODUCT_BUNDLE_IDENTIFIER = "Eduardo-Soto.To-Do-AppUITests";
				PRODUCT_NAME = "$(TARGET_NAME)";
				SDKROOT = auto;
				SUPPORTED_PLATFORMS = "iphoneos iphonesimulator macosx";
				SWIFT_EMIT_LOC_STRINGS = NO;
				SWIFT_VERSION = 5.0;
				TARGETED_DEVICE_FAMILY = "1,2";
				TEST_TARGET_NAME = "To Do App";
			};
			name = Release;
		};
/* End XCBuildConfiguration section */

/* Begin XCConfigurationList section */
		649590662FB10564001E5EA0 /* Build configuration list for PBXProject "To Do App" */ = {
			isa = XCConfigurationList;
			buildConfigurations = (
				6495908E2FB10567001E5EA0 /* Debug */,
				6495908F2FB10567001E5EA0 /* Release */,
			);
			defaultConfigurationIsVisible = 0;
			defaultConfigurationName = Release;
		};
		649590902FB10567001E5EA0 /* Build configuration list for PBXNativeTarget "To Do App" */ = {
			isa = XCConfigurationList;
			buildConfigurations = (
				649590912FB10567001E5EA0 /* Debug */,
				649590922FB10567001E5EA0 /* Release */,
			);
			defaultConfigurationIsVisible = 0;
			defaultConfigurationName = Release;
		};
		649590932FB10567001E5EA0 /* Build configuration list for PBXNativeTarget "To Do AppTests" */ = {
			isa = XCConfigurationList;
			buildConfigurations = (
				649590942FB10567001E5EA0 /* Debug */,
				649590952FB10567001E5EA0 /* Release */,
			);
			defaultConfigurationIsVisible = 0;
			defaultConfigurationName = Release;
		};
		649590962FB10567001E5EA0 /* Build configuration list for PBXNativeTarget "To Do AppUITests" */ = {
			isa = XCConfigurationList;
			buildConfigurations = (
				649590972FB10567001E5EA0 /* Debug */,
				649590982FB10567001E5EA0 /* Release */,
			);
			defaultConfigurationIsVisible = 0;
			defaultConfigurationName = Release;
		};
/* End XCConfigurationList section */
	};
	rootObject = 649590632FB10564001E5EA0 /* Project object */;
}
